{
  "name": "curso-DWEC-26-27",
  "lockfileVersion": 3,
  "requires": true,
  "packages": {
    "": {
      "dependencies": {
        "crypto-js": "^4.2.0"
      },
      "devDependencies": {
        "@types/node": "^26.6.3"
      }
    },
    "node_modules/@types/node": {
      "version": "26.6.3",
      "resolved": "https://registry.npmjs.org/@types/node/-/node-26.6.3.tgz",
      "integrity": "sha512-dsqMQQoeTLqu9wynDD00q573mNzso3IdQOAfHRJqLCcmCFPoGo9A1bDpUcv/9tnKpErQWv9uKeGfl37EIS02Yg==",
      "dev": true,
      "license": "MIT",
      "dependencies": {
        "undici-types": "~8.9.0"
      }
    },
    "node_modules/crypto-js": {
      "version": "4.2.0",
      "resolved": "https://registry.npmjs.org/crypto-js/-/crypto-js-4.2.0.tgz",
      "integrity": "sha512-KALDyEYgpY+Rlob/iriUtjV6d5Eq+Y191A5g4UqLAi8CyGP9N1+FdVbkc1SxKc2r4YAYqG8JzO2KGL+AizD70Q==",
      "deprecated": "Active development of CryptoJS has been discontinued. This library is no longer maintained.",
      "license": "MIT"
    },
    "node_modules/undici-types": {
      "version": "8.9.0",
      "resolved": "https://registry.npmjs.org/undici-types/-/undici-types-8.9.0.tgz",
      "integrity": "sha512-KTDyRTYX8sWmKXAikPHHSyc63CRPETMctyjKFupcC6OBLXT3xsN0e9aF7m+mIXutFWpUXuedtowG7iLOzp0kQg==",
      "dev": true,
      "license": "MIT"
    }
  }
}
